// !$*UTF8*$!
{
	archiveVersion = 1;
	classes = {
	};
	objectVersion = 55;
	objects = {

/* Begin PBXBuildFile section */
		C326108827D2D1E200374AAD /* main.cpp in Sources */ = {isa = PBXBuildFile; fileRef = C326108727D2D1E200374AAD /* main.cpp */; };
		C326109827D2D7CE00374AAD /* PersonProfile.cpp in Sources */ = {isa = PBXBuildFile; fileRef = C326109727D2D7CE00374AAD /* PersonProfile.cpp */; };
		C39646CB27D327FD00487D7F /* AttributeTranslator.cpp in Sources */ = {isa = PBXBuildFile; fileRef = C39646C927D327FD00487D7F /* AttributeTranslator.cpp */; };
		C39646CE27D3431500487D7F /* MemberDatabase.cpp in Sources */ = {isa = PBXBuildFile; fileRef = C39646CC27D3431500487D7F /* MemberDatabase.cpp */; };
		C39646D127D349F500487D7F /* MatchMaker.cpp in Sources */ = {isa = PBXBuildFile; fileRef = C39646CF27D349F500487D7F /* MatchMaker.cpp */; };
/* End PBXBuildFile section */

/* Begin PBXCopyFilesBuildPhase section */
		C326108227D2D1E200374AAD /* CopyFiles */ = {
			isa = PBXCopyFilesBuildPhase;
			buildActionMask = 2147483647;
			dstPath = /usr/share/man/man1/;
			dstSubfolderSpec = 0;
			files = (
			);
			runOnlyForDeploymentPostprocessing = 1;
		};
/* End PBXCopyFilesBuildPhase section */

/* Begin PBXFileReference section */
		C326108427D2D1E200374AAD /* unhinged */ = {isa = PBXFileReference; explicitFileType = "compiled.mach-o.executable"; includeInIndex = 0; path = unhinged; sourceTree = BUILT_PRODUCTS_DIR; };
		C326108727D2D1E200374AAD /* main.cpp */ = {isa = PBXFileReference; lastKnownFileType = sourcecode.cpp.cpp; path = main.cpp; sourceTree = "<group>"; };
		C326109327D2D25A00374AAD /* translator.txt */ = {isa = PBXFileReference; fileEncoding = 4; lastKnownFileType = text; path = translator.txt; sourceTree = "<group>"; };
		C326109427D2D25A00374AAD /* provided.h */ = {isa = PBXFileReference; fileEncoding = 4; lastKnownFileType = sourcecode.c.h; path = provided.h; sourceTree = "<group>"; };
		C326109527D2D25A00374AAD /* members.txt */ = {isa = PBXFileReference; fileEncoding = 4; lastKnownFileType = text; path = members.txt; sourceTree = "<group>"; };
		C326109627D2D7CE00374AAD /* PersonProfile.h */ = {isa = PBXFileReference; lastKnownFileType = sourcecode.c.h; path = PersonProfile.h; sourceTree = "<group>"; };
		C326109727D2D7CE00374AAD /* PersonProfile.cpp */ = {isa = PBXFileReference; lastKnownFileType = sourcecode.cpp.cpp; path = PersonProfile.cpp; sourceTree = "<group>"; };
		C39646C927D327FD00487D7F /* AttributeTranslator.cpp */ = {isa = PBXFileReference; lastKnownFileType = sourcecode.cpp.cpp; path = AttributeTranslator.cpp; sourceTree = "<group>"; };
		C39646CA27D327FD00487D7F /* AttributeTranslator.h */ = {isa = PBXFileReference; lastKnownFileType = sourcecode.c.h; path = AttributeTranslator.h; sourceTree = "<group>"; };
		C39646CC27D3431500487D7F /* MemberDatabase.cpp */ = {isa = PBXFileReference; lastKnownFileType = sourcecode.cpp.cpp; path = MemberDatabase.cpp; sourceTree = "<group>"; };
		C39646CD27D3431500487D7F /* MemberDatabase.h */ = {isa = PBXFileReference; lastKnownFileType = sourcecode.c.h; path = MemberDatabase.h; sourceTree = "<group>"; };
		C39646CF27D349F500487D7F /* MatchMaker.cpp */ = {isa = PBXFileReference; lastKnownFileType = sourcecode.cpp.cpp; path = MatchMaker.cpp; sourceTree = "<group>"; };
		C39646D027D349F500487D7F /* MatchMaker.h */ = {isa = PBXFileReference; lastKnownFileType = sourcecode.c.h; path = MatchMaker.h; sourceTree = "<group>"; };
		C39646D327D70A2700487D7F /* RadixTree.h */ = {isa = PBXFileReference; lastKnownFileType = sourcecode.c.h; path = RadixTree.h; sourceTree = "<group>"; };
/* End PBXFileReference section */

/* Begin PBXFrameworksBuildPhase section */
		C326108127D2D1E200374AAD /* Frameworks */ = {
			isa = PBXFrameworksBuildPhase;
			buildActionMask = 2147483647;
			files = (
			);
			runOnlyForDeploymentPostprocessing = 0;
		};
/* End PBXFrameworksBuildPhase section */

/* Begin PBXGroup section */
		C326107B27D2D1E200374AAD = {
			isa = PBXGroup;
			children = (
				C326108627D2D1E200374AAD /* unhinged */,
				C326108527D2D1E200374AAD /* Products */,
			);
			sourceTree = "<group>";
		};
		C326108527D2D1E200374AAD /* Products */ = {
			isa = PBXGroup;
			children = (
				C326108427D2D1E200374AAD /* unhinged */,
			);
			name = Products;
			sourceTree = "<group>";
		};
		C326108627D2D1E200374AAD /* unhinged */ = {
			isa = PBXGroup;
			children = (
				C326109527D2D25A00374AAD /* members.txt */,
				C326109327D2D25A00374AAD /* translator.txt */,
				C326109427D2D25A00374AAD /* provided.h */,
				C326108727D2D1E200374AAD /* main.cpp */,
				C326109627D2D7CE00374AAD /* PersonProfile.h */,
				C326109727D2D7CE00374AAD /* PersonProfile.cpp */,
				C39646C927D327FD00487D7F /* AttributeTranslator.cpp */,
				C39646CA27D327FD00487D7F /* AttributeTranslator.h */,
				C39646CC27D3431500487D7F /* MemberDatabase.cpp */,
				C39646CD27D3431500487D7F /* MemberDatabase.h */,
				C39646CF27D349F500487D7F /* MatchMaker.cpp */,
				C39646D027D349F500487D7F /* MatchMaker.h */,
				C39646D327D70A2700487D7F /* RadixTree.h */,
			);
			path = unhinged;
			sourceTree = "<group>";
		};
/* End PBXGroup section */

/* Begin PBXNativeTarget section */
		C326108327D2D1E200374AAD /* unhinged */ = {
			isa = PBXNativeTarget;
			buildConfigurationList = C326108B27D2D1E200374AAD /* Build configuration list for PBXNativeTarget "unhinged" */;
			buildPhases = (
				C326108027D2D1E200374AAD /* Sources */,
				C326108127D2D1E200374AAD /* Frameworks */,
				C326108227D2D1E200374AAD /* CopyFiles */,
			);
			buildRules = (
			);
			dependencies = (
			);
			name = unhinged;
			productName = unhinged;
			productReference = C326108427D2D1E200374AAD /* unhinged */;
			productType = "com.apple.product-type.tool";
		};
/* End PBXNativeTarget section */

/* Begin PBXProject section */
		C326107C27D2D1E200374AAD /* Project object */ = {
			isa = PBXProject;
			attributes = {
				BuildIndependentTargetsInParallel = 1;
				LastUpgradeCheck = 1300;
				TargetAttributes = {
					C326108327D2D1E200374AAD = {
						CreatedOnToolsVersion = 13.0;
					};
				};
			};
			buildConfigurationList = C326107F27D2D1E200374AAD /* Build configuration list for PBXProject "unhinged" */;
			compatibilityVersion = "Xcode 13.0";
			developmentRegion = en;
			hasScannedForEncodings = 0;
			knownRegions = (
				en,
				Base,
			);
			mainGroup = C326107B27D2D1E200374AAD;
			productRefGroup = C326108527D2D1E200374AAD /* Products */;
			projectDirPath = "";
			projectRoot = "";
			targets = (
				C326108327D2D1E200374AAD /* unhinged */,
			);
		};
/* End PBXProject section */

/* Begin PBXSourcesBuildPhase section */
		C326108027D2D1E200374AAD /* Sources */ = {
			isa = PBXSourcesBuildPhase;
			buildActionMask = 2147483647;
			files = (
				C39646CE27D3431500487D7F /* MemberDatabase.cpp in Sources */,
				C39646CB27D327FD00487D7F /* AttributeTranslator.cpp in Sources */,
				C39646D127D349F500487D7F /* MatchMaker.cpp in Sources */,
				C326109827D2D7CE00374AAD /* PersonProfile.cpp in Sources */,
				C326108827D2D1E200374AAD /* main.cpp in Sources */,
			);
			runOnlyForDeploymentPostprocessing = 0;
		};
/* End PBXSourcesBuildPhase section */

/* Begin XCBuildConfiguration section */
		C326108927D2D1E200374AAD /* Debug */ = {
			isa = XCBuildConfiguration;
			buildSettings = {
				ALWAYS_SEARCH_USER_PATHS = NO;
				CLANG_ANALYZER_NONNULL = YES;
				CLANG_ANALYZER_NUMBER_OBJECT_CONVERSION = YES_AGGRESSIVE;
				CLANG_CXX_LANGUAGE_STANDARD = "gnu++17";
				CLANG_CXX_LIBRARY = "libc++";
				CLANG_ENABLE_MODULES = YES;
				CLANG_ENABLE_OBJC_ARC = YES;
				CLANG_ENABLE_OBJC_WEAK = YES;
				CLANG_WARN_BLOCK_CAPTURE_AUTORELEASING = YES;
				CLANG_WARN_BOOL_CONVERSION = YES;
				CLANG_WARN_COMMA = YES;
				CLANG_WARN_CONSTANT_CONVERSION = YES;
				CLANG_WARN_DEPRECATED_OBJC_IMPLEMENTATIONS = YES;
				CLANG_WARN_DIRECT_OBJC_ISA_USAGE = YES_ERROR;
				CLANG_WARN_DOCUMENTATION_COMMENTS = YES;
				CLANG_WARN_EMPTY_BODY = YES;
				CLANG_WARN_ENUM_CONVERSION = YES;
				CLANG_WARN_INFINITE_RECURSION = YES;
				CLANG_WARN_INT_CONVERSION = YES;
				CLANG_WARN_NON_LITERAL_NULL_CONVERSION = YES;
				CLANG_WARN_OBJC_IMPLICIT_RETAIN_SELF = YES;
				CLANG_WARN_OBJC_LITERAL_CONVERSION = YES;
				CLANG_WARN_OBJC_ROOT_CLASS = YES_ERROR;
				CLANG_WARN_QUOTED_INCLUDE_IN_FRAMEWORK_HEADER = YES;
				CLANG_WARN_RANGE_LOOP_ANALYSIS = YES;
				CLANG_WARN_STRICT_PROTOTYPES = YES;
				CLANG_WARN_SUSPICIOUS_MOVE = YES;
				CLANG_WARN_UNGUARDED_AVAILABILITY = YES_AGGRESSIVE;
				CLANG_WARN_UNREACHABLE_CODE = YES;
				CLANG_WARN__DUPLICATE_METHOD_MATCH = YES;
				COPY_PHASE_STRIP = NO;
				DEBUG_INFORMATION_FORMAT = dwarf;
				ENABLE_STRICT_OBJC_MSGSEND = YES;
				ENABLE_TESTABILITY = YES;
				GCC_C_LANGUAGE_STANDARD = gnu11;
				GCC_DYNAMIC_NO_PIC = NO;
				GCC_NO_COMMON_BLOCKS = YES;
				GCC_OPTIMIZATION_LEVEL = 0;
				GCC_PREPROCESSOR_DEFINITIONS = (
					"DEBUG=1",
					"$(inherited)",
				);
				GCC_WARN_64_TO_32_BIT_CONVERSION = YES;
				GCC_WARN_ABOUT_RETURN_TYPE = YES_ERROR;
				GCC_WARN_UNDECLARED_SELECTOR = YES;
				GCC_WARN_UNINITIALIZED_AUTOS = YES_AGGRESSIVE;
				GCC_WARN_UNUSED_FUNCTION = YES;
				GCC_WARN_UNUSED_VARIABLE = YES;
				MACOSX_DEPLOYMENT_TARGET = 11.3;
				MTL_ENABLE_DEBUG_INFO = INCLUDE_SOURCE;
				MTL_FAST_MATH = YES;
				ONLY_ACTIVE_ARCH = YES;
				SDKROOT = macosx;
			};
			name = Debug;
		};
		C326108A27D2D1E200374AAD /* Release */ = {
			isa = XCBuildConfiguration;
			buildSettings = {
				ALWAYS_SEARCH_USER_PATHS = NO;
				CLANG_ANALYZER_NONNULL = YES;
				CLANG_ANALYZER_NUMBER_OBJECT_CONVERSION = YES_AGGRESSIVE;
				CLANG_CXX_LANGUAGE_STANDARD = "gnu++17";
				CLANG_CXX_LIBRARY = "libc++";
				CLANG_ENABLE_MODULES = YES;
				CLANG_ENABLE_OBJC_ARC = YES;
				CLANG_ENABLE_OBJC_WEAK = YES;
				CLANG_WARN_BLOCK_CAPTURE_AUTORELEASING = YES;
				CLANG_WARN_BOOL_CONVERSION = YES;
				CLANG_WARN_COMMA = YES;
				CLANG_WARN_CONSTANT_CONVERSION = YES;
				CLANG_WARN_DEPRECATED_OBJC_IMPLEMENTATIONS = YES;
				CLANG_WARN_DIRECT_OBJC_ISA_USAGE = YES_ERROR;
				CLANG_WARN_DOCUMENTATION_COMMENTS = YES;
				CLANG_WARN_EMPTY_BODY = YES;
				CLANG_WARN_ENUM_CONVERSION = YES;
				CLANG_WARN_INFINITE_RECURSION = YES;
				CLANG_WARN_INT_CONVERSION = YES;
				CLANG_WARN_NON_LITERAL_NULL_CONVERSION = YES;
				CLANG_WARN_OBJC_IMPLICIT_RETAIN_SELF = YES;
				CLANG_WARN_OBJC_LITERAL_CONVERSION = YES;
				CLANG_WARN_OBJC_ROOT_CLASS = YES_ERROR;
				CLANG_WARN_QUOTED_INCLUDE_IN_FRAMEWORK_HEADER = YES;
				CLANG_WARN_RANGE_LOOP_ANALYSIS = YES;
				CLANG_WARN_STRICT_PROTOTYPES = YES;
				CLANG_WARN_SUSPICIOUS_MOVE = YES;
				CLANG_WARN_UNGUARDED_AVAILABILITY = YES_AGGRESSIVE;
				CLANG_WARN_UNREACHABLE_CODE = YES;
				CLANG_WARN__DUPLICATE_METHOD_MATCH = YES;
				COPY_PHASE_STRIP = NO;
				DEBUG_INFORMATION_FORMAT = "dwarf-with-dsym";
				ENABLE_NS_ASSERTIONS = NO;
				ENABLE_STRICT_OBJC_MSGSEND = YES;
				GCC_C_LANGUAGE_STANDARD = gnu11;
				GCC_NO_COMMON_BLOCKS = YES;
				GCC_WARN_64_TO_32_BIT_CONVERSION = YES;
				GCC_WARN_ABOUT_RETURN_TYPE = YES_ERROR;
				GCC_WARN_UNDECLARED_SELECTOR = YES;
				GCC_WARN_UNINITIALIZED_AUTOS = YES_AGGRESSIVE;
				GCC_WARN_UNUSED_FUNCTION = YES;
				GCC_WARN_UNUSED_VARIABLE = YES;
				MACOSX_DEPLOYMENT_TARGET = 11.3;
				MTL_ENABLE_DEBUG_INFO = NO;
				MTL_FAST_MATH = YES;
				SDKROOT = macosx;
			};
			name = Release;
		};
		C326108C27D2D1E200374AAD /* Debug */ = {
			isa = XCBuildConfiguration;
			buildSettings = {
				CODE_SIGN_STYLE = Automatic;
				PRODUCT_NAME = "$(TARGET_NAME)";
			};
			name = Debug;
		};
		C326108D27D2D1E200374AAD /* Release */ = {
			isa = XCBuildConfiguration;
			buildSettings = {
				CODE_SIGN_STYLE = Automatic;
				PRODUCT_NAME = "$(TARGET_NAME)";
			};
			name = Release;
		};
/* End XCBuildConfiguration section */

/* Begin XCConfigurationList section */
		C326107F27D2D1E200374AAD /* Build configuration list for PBXProject "unhinged" */ = {
			isa = XCConfigurationList;
			buildConfigurations = (
				C326108927D2D1E200374AAD /* Debug */,
				C326108A27D2D1E200374AAD /* Release */,
			);
			defaultConfigurationIsVisible = 0;
			defaultConfigurationName = Release;
		};
		C326108B27D2D1E200374AAD /* Build configuration list for PBXNativeTarget "unhinged" */ = {
			isa = XCConfigurationList;
			buildConfigurations = (
				C326108C27D2D1E200374AAD /* Debug */,
				C326108D27D2D1E200374AAD /* Release */,
			);
			defaultConfigurationIsVisible = 0;
			defaultConfigurationName = Release;
		};
/* End XCConfigurationList section */
	};
	rootObject = C326107C27D2D1E200374AAD /* Project object */;
}
